Microsoft Visual Studio Solution File, Format Version 12.00
# Visual Studio 15
VisualStudioVersion = 15.0.27130.2027
MinimumVisualStudioVersion = 10.0.40219.1
Project("{FAE04EC0-301F-11D3-BF4B-00C04F79EFBC}") = "MainScreen", "MainScreen\MainScreen.csproj", "{8B450EE0-6B7B-4C57-9728-D69B4D9A049A}"
EndProject
Project("{FAE04EC0-301F-11D3-BF4B-00C04F79EFBC}") = "MainScreen.iOS", "iOS\MainScreen.iOS.csproj", "{6B832B58-092B-48EC-B376-67B193B7ED9D}"
EndProject
Project("{FAE04EC0-301F-11D3-BF4B-00C04F79EFBC}") = "MainScreen.Droid", "Droid\MainScreen.Droid.csproj", "{6C268818-86D0-48F4-AFAB-97479E2E7AE3}"
EndProject
Project("{FAE04EC0-301F-11D3-BF4B-00C04F79EFBC}") = "WindowsWPF", "WindowsWPF\WindowsWPF.csproj", "{88C81C74-3C6C-462D-AE88-5035A08923E4}"
EndProject
Global
	GlobalSection(SolutionConfigurationPlatforms) = preSolution
		Debug|Any CPU = Debug|Any CPU
		Debug|ARM = Debug|ARM
		Debug|iPhone = Debug|iPhone
		Debug|iPhoneSimulator = Debug|iPhoneSimulator
		Debug|x64 = Debug|x64
		Debug|x86 = Debug|x86
		Release|Any CPU = Release|Any CPU
		Release|ARM = Release|ARM
		Release|iPhone = Release|iPhone
		Release|iPhoneSimulator = Release|iPhoneSimulator
		Release|x64 = Release|x64
		Release|x86 = Release|x86
	EndGlobalSection
	GlobalSection(ProjectConfigurationPlatforms) = postSolution
		{8B450EE0-6B7B-4C57-9728-D69B4D9A049A}.Debug|Any CPU.ActiveCfg = Debug|Any CPU
		{8B450EE0-6B7B-4C57-9728-D69B4D9A049A}.Debug|Any CPU.Build.0 = Debug|Any CPU
		{8B450EE0-6B7B-4C57-9728-D69B4D9A049A}.Debug|ARM.ActiveCfg = Debug|Any CPU
		{8B450EE0-6B7B-4C57-9728-D69B4D9A049A}.Debug|ARM.Build.0 = Debug|Any CPU
		{8B450EE0-6B7B-4C57-9728-D69B4D9A049A}.Debug|iPhone.ActiveCfg = Debug|Any CPU
		{8B450EE0-6B7B-4C57-9728-D69B4D9A049A}.Debug|iPhone.Build.0 = Debug|Any CPU
		{8B450EE0-6B7B-4C57-9728-D69B4D9A049A}.Debug|iPhoneSimulator.ActiveCfg = Debug|Any CPU
		{8B450EE0-6B7B-4C57-9728-D69B4D9A049A}.Debug|iPhoneSimulator.Build.0 = Debug|Any CPU
		{8B450EE0-6B7B-4C57-9728-D69B4D9A049A}.Debug|x64.ActiveCfg = Debug|Any CPU
		{8B450EE0-6B7B-4C57-9728-D69B4D9A049A}.Debug|x64.Build.0 = Debug|Any CPU
		{8B450EE0-6B7B-4C57-9728-D69B4D9A049A}.Debug|x86.ActiveCfg = Debug|Any CPU
		{8B450EE0-6B7B-4C57-9728-D69B4D9A049A}.Debug|x86.Build.0 = Debug|Any CPU
		{8B450EE0-6B7B-4C57-9728-D69B4D9A049A}.Release|Any CPU.ActiveCfg = Release|Any CPU
		{8B450EE0-6B7B-4C57-9728-D69B4D9A049A}.Release|Any CPU.Build.0 = Release|Any CPU
		{8B450EE0-6B7B-4C57-9728-D69B4D9A049A}.Release|ARM.ActiveCfg = Release|Any CPU
		{8B450EE0-6B7B-4C57-9728-D69B4D9A049A}.Release|ARM.Build.0 = Release|Any CPU
		{8B450EE0-6B7B-4C57-9728-D69B4D9A049A}.Release|iPhone.ActiveCfg = Release|Any CPU
		{8B450EE0-6B7B-4C57-9728-D69B4D9A049A}.Release|iPhone.Build.0 = Release|Any CPU
		{8B450EE0-6B7B-4C57-9728-D69B4D9A049A}.Release|iPhoneSimulator.ActiveCfg = Release|Any CPU
		{8B450EE0-6B7B-4C57-9728-D69B4D9A049A}.Release|iPhoneSimulator.Build.0 = Release|Any CPU
		{8B450EE0-6B7B-4C57-9728-D69B4D9A049A}.Release|x64.ActiveCfg = Release|Any CPU
		{8B450EE0-6B7B-4C57-9728-D69B4D9A049A}.Release|x64.Build.0 = Release|Any CPU
		{8B450EE0-6B7B-4C57-9728-D69B4D9A049A}.Release|x86.ActiveCfg = Release|Any CPU
		{8B450EE0-6B7B-4C57-9728-D69B4D9A049A}.Release|x86.Build.0 = Release|Any CPU
		{6B832B58-092B-48EC-B376-67B193B7ED9D}.Debug|Any CPU.ActiveCfg = Debug|iPhoneSimulator
		{6B832B58-092B-48EC-B376-67B193B7ED9D}.Debug|Any CPU.Build.0 = Debug|iPhoneSimulator
		{6B832B58-092B-48EC-B376-67B193B7ED9D}.Debug|ARM.ActiveCfg = Debug|iPhone
		{6B832B58-092B-48EC-B376-67B193B7ED9D}.Debug|iPhone.ActiveCfg = Debug|iPhone
		{6B832B58-092B-48EC-B376-67B193B7ED9D}.Debug|iPhone.Build.0 = Debug|iPhone
		{6B832B58-092B-48EC-B376-67B193B7ED9D}.Debug|iPhoneSimulator.ActiveCfg = Debug|iPhoneSimulator
		{6B832B58-092B-48EC-B376-67B193B7ED9D}.Debug|iPhoneSimulator.Build.0 = Debug|iPhoneSimulator
		{6B832B58-092B-48EC-B376-67B193B7ED9D}.Debug|x64.ActiveCfg = Debug|iPhone
		{6B832B58-092B-48EC-B376-67B193B7ED9D}.Debug|x86.ActiveCfg = Debug|iPhone
		{6B832B58-092B-48EC-B376-67B193B7ED9D}.Release|Any CPU.ActiveCfg = Release|iPhone
		{6B832B58-092B-48EC-B376-67B193B7ED9D}.Release|Any CPU.Build.0 = Release|iPhone
		{6B832B58-092B-48EC-B376-67B193B7ED9D}.Release|ARM.ActiveCfg = Release|iPhoneSimulator
		{6B832B58-092B-48EC-B376-67B193B7ED9D}.Release|iPhone.ActiveCfg = Release|iPhone
		{6B832B58-092B-48EC-B376-67B193B7ED9D}.Release|iPhone.Build.0 = Release|iPhone
		{6B832B58-092B-48EC-B376-67B193B7ED9D}.Release|iPhoneSimulator.ActiveCfg = Release|iPhoneSimulator
		{6B832B58-092B-48EC-B376-67B193B7ED9D}.Release|iPhoneSimulator.Build.0 = Release|iPhoneSimulator
		{6B832B58-092B-48EC-B376-67B193B7ED9D}.Release|x64.ActiveCfg = Release|iPhoneSimulator
		{6B832B58-092B-48EC-B376-67B193B7ED9D}.Release|x86.ActiveCfg = Release|iPhoneSimulator
		{6C268818-86D0-48F4-AFAB-97479E2E7AE3}.Debug|Any CPU.ActiveCfg = Debug|Any CPU
		{6C268818-86D0-48F4-AFAB-97479E2E7AE3}.Debug|Any CPU.Build.0 = Debug|Any CPU
		{6C268818-86D0-48F4-AFAB-97479E2E7AE3}.Debug|ARM.ActiveCfg = Debug|Any CPU
		{6C268818-86D0-48F4-AFAB-97479E2E7AE3}.Debug|ARM.Build.0 = Debug|Any CPU
		{6C268818-86D0-48F4-AFAB-97479E2E7AE3}.Debug|ARM.Deploy.0 = Debug|Any CPU
		{6C268818-86D0-48F4-AFAB-97479E2E7AE3}.Debug|iPhone.ActiveCfg = Debug|Any CPU
		{6C268818-86D0-48F4-AFAB-97479E2E7AE3}.Debug|iPhone.Build.0 = Debug|Any CPU
		{6C268818-86D0-48F4-AFAB-97479E2E7AE3}.Debug|iPhoneSimulator.ActiveCfg = Debug|Any CPU
		{6C268818-86D0-48F4-AFAB-97479E2E7AE3}.Debug|iPhoneSimulator.Build.0 = Debug|Any CPU
		{6C268818-86D0-48F4-AFAB-97479E2E7AE3}.Debug|x64.ActiveCfg = Debug|Any CPU
		{6C268818-86D0-48F4-AFAB-97479E2E7AE3}.Debug|x64.Build.0 = Debug|Any CPU
		{6C268818-86D0-48F4-AFAB-97479E2E7AE3}.Debug|x64.Deploy.0 = Debug|Any CPU
		{6C268818-86D0-48F4-AFAB-97479E2E7AE3}.Debug|x86.ActiveCfg = Debug|Any CPU
		{6C268818-86D0-48F4-AFAB-97479E2E7AE3}.Debug|x86.Build.0 = Debug|Any CPU
		{6C268818-86D0-48F4-AFAB-97479E2E7AE3}.Debug|x86.Deploy.0 = Debug|Any CPU
		{6C268818-86D0-48F4-AFAB-97479E2E7AE3}.Release|Any CPU.ActiveCfg = Release|Any CPU
		{6C268818-86D0-48F4-AFAB-97479E2E7AE3}.Release|Any CPU.Build.0 = Release|Any CPU
		{6C268818-86D0-48F4-AFAB-97479E2E7AE3}.Release|ARM.ActiveCfg = Release|Any CPU
		{6C268818-86D0-48F4-AFAB-97479E2E7AE3}.Release|ARM.Build.0 = Release|Any CPU
		{6C268818-86D0-48F4-AFAB-97479E2E7AE3}.Release|ARM.Deploy.0 = Release|Any CPU
		{6C268818-86D0-48F4-AFAB-97479E2E7AE3}.Release|iPhone.ActiveCfg = Release|Any CPU
		{6C268818-86D0-48F4-AFAB-97479E2E7AE3}.Release|iPhone.Build.0 = Release|Any CPU
		{6C268818-86D0-48F4-AFAB-97479E2E7AE3}.Release|iPhoneSimulator.ActiveCfg = Release|Any CPU
		{6C268818-86D0-48F4-AFAB-97479E2E7AE3}.Release|iPhoneSimulator.Build.0 = Release|Any CPU
		{6C268818-86D0-48F4-AFAB-97479E2E7AE3}.Release|x64.ActiveCfg = Release|Any CPU
		{6C268818-86D0-48F4-AFAB-97479E2E7AE3}.Release|x64.Build.0 = Release|Any CPU
		{6C268818-86D0-48F4-AFAB-97479E2E7AE3}.Release|x64.Deploy.0 = Release|Any CPU
		{6C268818-86D0-48F4-AFAB-97479E2E7AE3}.Release|x86.ActiveCfg = Release|Any CPU
		{6C268818-86D0-48F4-AFAB-97479E2E7AE3}.Release|x86.Build.0 = Release|Any CPU
		{6C268818-86D0-48F4-AFAB-97479E2E7AE3}.Release|x86.Deploy.0 = Release|Any CPU
		{88C81C74-3C6C-462D-AE88-5035A08923E4}.Debug|Any CPU.ActiveCfg = Debug|Any CPU
		{88C81C74-3C6C-462D-AE88-5035A08923E4}.Debug|Any CPU.Build.0 = Debug|Any CPU
		{88C81C74-3C6C-462D-AE88-5035A08923E4}.Debug|ARM.ActiveCfg = Debug|Any CPU
		{88C81C74-3C6C-462D-AE88-5035A08923E4}.Debug|ARM.Build.0 = Debug|Any CPU
		{88C81C74-3C6C-462D-AE88-5035A08923E4}.Debug|iPhone.ActiveCfg = Debug|Any CPU
		{88C81C74-3C6C-462D-AE88-5035A08923E4}.Debug|iPhone.Build.0 = Debug|Any CPU
		{88C81C74-3C6C-462D-AE88-5035A08923E4}.Debug|iPhoneSimulator.ActiveCfg = Debug|Any CPU
		{88C81C74-3C6C-462D-AE88-5035A08923E4}.Debug|iPhoneSimulator.Build.0 = Debug|Any CPU
		{88C81C74-3C6C-462D-AE88-5035A08923E4}.Debug|x64.ActiveCfg = Debug|Any CPU
		{88C81C74-3C6C-462D-AE88-5035A08923E4}.Debug|x64.Build.0 = Debug|Any CPU
		{88C81C74-3C6C-462D-AE88-5035A08923E4}.Debug|x86.ActiveCfg = Debug|Any CPU
		{88C81C74-3C6C-462D-AE88-5035A08923E4}.Debug|x86.Build.0 = Debug|Any CPU
		{88C81C74-3C6C-462D-AE88-5035A08923E4}.Release|Any CPU.ActiveCfg = Release|Any CPU
		{88C81C74-3C6C-462D-AE88-5035A08923E4}.Release|Any CPU.Build.0 = Release|Any CPU
		{88C81C74-3C6C-462D-AE88-5035A08923E4}.Release|ARM.ActiveCfg = Release|Any CPU
		{88C81C74-3C6C-462D-AE88-5035A08923E4}.Release|ARM.Build.0 = Release|Any CPU
		{88C81C74-3C6C-462D-AE88-5035A08923E4}.Release|iPhone.ActiveCfg = Release|Any CPU
		{88C81C74-3C6C-462D-AE88-5035A08923E4}.Release|iPhone.Build.0 = Release|Any CPU
		{88C81C74-3C6C-462D-AE88-5035A08923E4}.Release|iPhoneSimulator.ActiveCfg = Release|Any CPU
		{88C81C74-3C6C-462D-AE88-5035A08923E4}.Release|iPhoneSimulator.Build.0 = Release|Any CPU
		{88C81C74-3C6C-462D-AE88-5035A08923E4}.Release|x64.ActiveCfg = Release|Any CPU
		{88C81C74-3C6C-462D-AE88-5035A08923E4}.Release|x64.Build.0 = Release|Any CPU
		{88C81C74-3C6C-462D-AE88-5035A08923E4}.Release|x86.ActiveCfg = Release|Any CPU
		{88C81C74-3C6C-462D-AE88-5035A08923E4}.Release|x86.Build.0 = Release|Any CPU
	EndGlobalSection
	GlobalSection(SolutionProperties) = preSolution
		HideSolutionNode = FALSE
	EndGlobalSection
	GlobalSection(ExtensibilityGlobals) = postSolution
		SolutionGuid = {81FA1EBF-C1D9-40C7-8CD5-48FEA26A0B40}
	EndGlobalSection
EndGlobal
